lockfileVersion: '9.0'

settings:
  autoInstallPeers: true
  excludeLinksFromLockfile: false

importers:

  .:
    dependencies:
      graphql-ws:
        specifier: ^6.0.7
        version: 6.0.7(graphql@16.12.0)

packages:

  graphql-ws@6.0.7:
    resolution: {integrity: sha512-yoLRW+KRlDmnnROdAu7sX77VNLC0bsFoZyGQJLy1cF+X/SkLg/fWkRGrEEYQK8o2cafJ2wmEaMqMEZB3U3DYDg==}
    engines: {node: '>=20'}
    peerDependencies:
      '@fastify/websocket': ^10 || ^11
      crossws: ~0.3
      graphql: ^15.10.1 || ^16
      ws: ^8
    peerDependenciesMeta:
      '@fastify/websocket':
        optional: true
      crossws:
        optional: true
      ws:
        optional: true

  graphql@16.12.0:
    resolution: {integrity: sha512-DKKrynuQRne0PNpEbzuEdHlYOMksHSUI8Zc9Unei5gTsMNA2/vMpoMz/yKba50pejK56qj98qM0SjYxAKi13gQ==}
    engines: {node: ^12.22.0 || ^14.16.0 || ^16.0.0 || >=17.0.0}

snapshots:

  graphql-ws@6.0.7(graphql@16.12.0):
    dependencies:
      graphql: 16.12.0

  graphql@16.12.0: {}
